{
  "checksum": "4fbd03bdb6c53fce41d6d6dfb0440dbb9b67506e0504613850565bb0742fa3e1",
  "crates": {
    "anyhow 1.0.69": {
      "name": "anyhow",
      "version": "1.0.69",
      "repository": {
        "Http": {
          "url": "https://crates.io/api/v1/crates/anyhow/1.0.69/download",
          "sha256": "224afbd727c3d6e4b90103ece64b8d1b67fbb1973b1046c2281eed3f3803f800"
        }
      },
      "targets": [
        {
          "Library": {
            "crate_name": "anyhow",
            "crate_root": "src/lib.rs",
            "srcs": [
              "**/*.rs"
            ]
          }
        },
        {
          "BuildScript": {
            "crate_name": "build_script_build",
            "crate_root": "build.rs",
            "srcs": [
              "**/*.rs"
            ]
          }
        }
      ],
      "library_target_name": "anyhow",
      "common_attrs": {
        "compile_data_glob": [
          "**"
        ],
        "crate_features": [
          "default",
          "std"
        ],
        "deps": {
          "common": [
            {
              "id": "anyhow 1.0.69",
              "target": "build_script_build"
            }
          ],
          "selects": {}
        },
        "edition": "2018",
        "version": "1.0.69"
      },
      "build_script_attrs": {
        "data_glob": [
          "**"
        ]
      },
      "license": "MIT OR Apache-2.0"
    },
    "cfg-if 1.0.0": {
      "name": "cfg-if",
      "version": "1.0.0",
      "repository": {
        "Http": {
          "url": "https://crates.io/api/v1/crates/cfg-if/1.0.0/download",
          "sha256": "baf1de4339761588bc0619e3cbc0120ee582ebb74b53b4efbf79117bd2da40fd"
        }
      },
      "targets": [
        {
          "Library": {
            "crate_name": "cfg_if",
            "crate_root": "src/lib.rs",
            "srcs": [
              "**/*.rs"
            ]
          }
        }
      ],
      "library_target_name": "cfg_if",
      "common_attrs": {
        "compile_data_glob": [
          "**"
        ],
        "edition": "2018",
        "version": "1.0.0"
      },
      "license": "MIT/Apache-2.0"
    },
    "direct-cargo-bazel-deps 0.0.1": {
      "name": "direct-cargo-bazel-deps",
      "version": "0.0.1",
      "repository": null,
      "targets": [
        {
          "Library": {
            "crate_name": "direct_cargo_bazel_deps",
            "crate_root": ".direct_cargo_bazel_deps.rs",
            "srcs": [
              "**/*.rs"
            ]
          }
        }
      ],
      "library_target_name": "direct_cargo_bazel_deps",
      "common_attrs": {
        "compile_data_glob": [
          "**"
        ],
        "deps": {
          "common": [
            {
              "id": "anyhow 1.0.69",
              "target": "anyhow"
            },
            {
              "id": "libc 0.2.138",
              "target": "libc"
            },
            {
              "id": "log 0.4.17",
              "target": "log"
            },
            {
              "id": "syslog 6.0.1",
              "target": "syslog"
            }
          ],
          "selects": {}
        },
        "edition": "2018",
        "version": "0.0.1"
      },
      "license": null
    },
    "error-chain 0.12.4": {
      "name": "error-chain",
      "version": "0.12.4",
      "repository": {
        "Http": {
          "url": "https://crates.io/api/v1/crates/error-chain/0.12.4/download",
          "sha256": "2d2f06b9cac1506ece98fe3231e3cc9c4410ec3d5b1f24ae1c8946f0742cdefc"
        }
      },
      "targets": [
        {
          "Library": {
            "crate_name": "error_chain",
            "crate_root": "src/lib.rs",
            "srcs": [
              "**/*.rs"
            ]
          }
        },
        {
          "BuildScript": {
            "crate_name": "build_script_build",
            "crate_root": "build.rs",
            "srcs": [
              "**/*.rs"
            ]
          }
        }
      ],
      "library_target_name": "error_chain",
      "common_attrs": {
        "compile_data_glob": [
          "**"
        ],
        "deps": {
          "common": [
            {
              "id": "error-chain 0.12.4",
              "target": "build_script_build"
            }
          ],
          "selects": {}
        },
        "edition": "2015",
        "version": "0.12.4"
      },
      "build_script_attrs": {
        "data_glob": [
          "**"
        ],
        "deps": {
          "common": [
            {
              "id": "version_check 0.9.4",
              "target": "version_check"
            }
          ],
          "selects": {}
        }
      },
      "license": "MIT/Apache-2.0"
    },
    "hostname 0.3.1": {
      "name": "hostname",
      "version": "0.3.1",
      "repository": {
        "Http": {
          "url": "https://crates.io/api/v1/crates/hostname/0.3.1/download",
          "sha256": "3c731c3e10504cc8ed35cfe2f1db4c9274c3d35fa486e3b31df46f068ef3e867"
        }
      },
      "targets": [
        {
          "Library": {
            "crate_name": "hostname",
            "crate_root": "src/lib.rs",
            "srcs": [
              "**/*.rs"
            ]
          }
        }
      ],
      "library_target_name": "hostname",
      "common_attrs": {
        "compile_data_glob": [
          "**"
        ],
        "crate_features": [
          "default"
        ],
        "deps": {
          "common": [
            {
              "id": "match_cfg 0.1.0",
              "target": "match_cfg"
            }
          ],
          "selects": {
            "cfg(any(unix, target_os = \"redox\"))": [
              {
                "id": "libc 0.2.138",
                "target": "libc"
              }
            ],
            "cfg(target_os = \"windows\")": [
              {
                "id": "winapi 0.3.9",
                "target": "winapi"
              }
            ]
          }
        },
        "edition": "2015",
        "version": "0.3.1"
      },
      "license": "MIT"
    },
    "itoa 1.0.6": {
      "name": "itoa",
      "version": "1.0.6",
      "repository": {
        "Http": {
          "url": "https://crates.io/api/v1/crates/itoa/1.0.6/download",
          "sha256": "453ad9f582a441959e5f0d088b02ce04cfe8d51a8eaf077f12ac6d3e94164ca6"
        }
      },
      "targets": [
        {
          "Library": {
            "crate_name": "itoa",
            "crate_root": "src/lib.rs",
            "srcs": [
              "**/*.rs"
            ]
          }
        }
      ],
      "library_target_name": "itoa",
      "common_attrs": {
        "compile_data_glob": [
          "**"
        ],
        "edition": "2018",
        "version": "1.0.6"
      },
      "license": "MIT OR Apache-2.0"
    },
    "libc 0.2.138": {
      "name": "libc",
      "version": "0.2.138",
      "repository": {
        "Http": {
          "url": "https://crates.io/api/v1/crates/libc/0.2.138/download",
          "sha256": "db6d7e329c562c5dfab7a46a2afabc8b987ab9a4834c9d1ca04dc54c1546cef8"
        }
      },
      "targets": [
        {
          "Library": {
            "crate_name": "libc",
            "crate_root": "src/lib.rs",
            "srcs": [
              "**/*.rs"
            ]
          }
        },
        {
          "BuildScript": {
            "crate_name": "build_script_build",
            "crate_root": "build.rs",
            "srcs": [
              "**/*.rs"
            ]
          }
        }
      ],
      "library_target_name": "libc",
      "common_attrs": {
        "compile_data_glob": [
          "**"
        ],
        "crate_features": [
          "default",
          "std"
        ],
        "deps": {
          "common": [
            {
              "id": "libc 0.2.138",
              "target": "build_script_build"
            }
          ],
          "selects": {}
        },
        "edition": "2015",
        "version": "0.2.138"
      },
      "build_script_attrs": {
        "data_glob": [
          "**"
        ]
      },
      "license": "MIT OR Apache-2.0"
    },
    "log 0.4.17": {
      "name": "log",
      "version": "0.4.17",
      "repository": {
        "Http": {
          "url": "https://crates.io/api/v1/crates/log/0.4.17/download",
          "sha256": "abb12e687cfb44aa40f41fc3978ef76448f9b6038cad6aef4259d3c095a2382e"
        }
      },
      "targets": [
        {
          "Library": {
            "crate_name": "log",
            "crate_root": "src/lib.rs",
            "srcs": [
              "**/*.rs"
            ]
          }
        },
        {
          "BuildScript": {
            "crate_name": "build_script_build",
            "crate_root": "build.rs",
            "srcs": [
              "**/*.rs"
            ]
          }
        }
      ],
      "library_target_name": "log",
      "common_attrs": {
        "compile_data_glob": [
          "**"
        ],
        "crate_features": [
          "std"
        ],
        "deps": {
          "common": [
            {
              "id": "cfg-if 1.0.0",
              "target": "cfg_if"
            },
            {
              "id": "log 0.4.17",
              "target": "build_script_build"
            }
          ],
          "selects": {}
        },
        "edition": "2015",
        "version": "0.4.17"
      },
      "build_script_attrs": {
        "data_glob": [
          "**"
        ]
      },
      "license": "MIT OR Apache-2.0"
    },
    "match_cfg 0.1.0": {
      "name": "match_cfg",
      "version": "0.1.0",
      "repository": {
        "Http": {
          "url": "https://crates.io/api/v1/crates/match_cfg/0.1.0/download",
          "sha256": "ffbee8634e0d45d258acb448e7eaab3fce7a0a467395d4d9f228e3c1f01fb2e4"
        }
      },
      "targets": [
        {
          "Library": {
            "crate_name": "match_cfg",
            "crate_root": "src/lib.rs",
            "srcs": [
              "**/*.rs"
            ]
          }
        }
      ],
      "library_target_name": "match_cfg",
      "common_attrs": {
        "compile_data_glob": [
          "**"
        ],
        "crate_features": [
          "default",
          "use_core"
        ],
        "edition": "2015",
        "version": "0.1.0"
      },
      "license": "MIT/Apache-2.0"
    },
    "num_threads 0.1.6": {
      "name": "num_threads",
      "version": "0.1.6",
      "repository": {
        "Http": {
          "url": "https://crates.io/api/v1/crates/num_threads/0.1.6/download",
          "sha256": "2819ce041d2ee131036f4fc9d6ae7ae125a3a40e97ba64d04fe799ad9dabbb44"
        }
      },
      "targets": [
        {
          "Library": {
            "crate_name": "num_threads",
            "crate_root": "src/lib.rs",
            "srcs": [
              "**/*.rs"
            ]
          }
        }
      ],
      "library_target_name": "num_threads",
      "common_attrs": {
        "compile_data_glob": [
          "**"
        ],
        "deps": {
          "common": [],
          "selects": {
            "cfg(any(target_os = \"macos\", target_os = \"ios\", target_os = \"freebsd\"))": [
              {
                "id": "libc 0.2.138",
                "target": "libc"
              }
            ]
          }
        },
        "edition": "2015",
        "version": "0.1.6"
      },
      "license": "MIT OR Apache-2.0"
    },
    "serde 1.0.156": {
      "name": "serde",
      "version": "1.0.156",
      "repository": {
        "Http": {
          "url": "https://crates.io/api/v1/crates/serde/1.0.156/download",
          "sha256": "314b5b092c0ade17c00142951e50ced110ec27cea304b1037c6969246c2469a4"
        }
      },
      "targets": [
        {
          "Library": {
            "crate_name": "serde",
            "crate_root": "src/lib.rs",
            "srcs": [
              "**/*.rs"
            ]
          }
        },
        {
          "BuildScript": {
            "crate_name": "build_script_build",
            "crate_root": "build.rs",
            "srcs": [
              "**/*.rs"
            ]
          }
        }
      ],
      "library_target_name": "serde",
      "common_attrs": {
        "compile_data_glob": [
          "**"
        ],
        "crate_features": [
          "alloc"
        ],
        "deps": {
          "common": [
            {
              "id": "serde 1.0.156",
              "target": "build_script_build"
            }
          ],
          "selects": {}
        },
        "edition": "2015",
        "version": "1.0.156"
      },
      "build_script_attrs": {
        "data_glob": [
          "**"
        ]
      },
      "license": "MIT OR Apache-2.0"
    },
    "syslog 6.0.1": {
      "name": "syslog",
      "version": "6.0.1",
      "repository": {
        "Http": {
          "url": "https://crates.io/api/v1/crates/syslog/6.0.1/download",
          "sha256": "978044cc68150ad5e40083c9f6a725e6fd02d7ba1bcf691ec2ff0d66c0b41acc"
        }
      },
      "targets": [
        {
          "Library": {
            "crate_name": "syslog",
            "crate_root": "src/lib.rs",
            "srcs": [
              "**/*.rs"
            ]
          }
        }
      ],
      "library_target_name": "syslog",
      "common_attrs": {
        "compile_data_glob": [
          "**"
        ],
        "deps": {
          "common": [
            {
              "id": "error-chain 0.12.4",
              "target": "error_chain"
            },
            {
              "id": "hostname 0.3.1",
              "target": "hostname"
            },
            {
              "id": "libc 0.2.138",
              "target": "libc"
            },
            {
              "id": "log 0.4.17",
              "target": "log"
            },
            {
              "id": "time 0.3.20",
              "target": "time"
            }
          ],
          "selects": {}
        },
        "edition": "2015",
        "version": "6.0.1"
      },
      "license": "MIT"
    },
    "time 0.3.20": {
      "name": "time",
      "version": "0.3.20",
      "repository": {
        "Http": {
          "url": "https://crates.io/api/v1/crates/time/0.3.20/download",
          "sha256": "cd0cbfecb4d19b5ea75bb31ad904eb5b9fa13f21079c3b92017ebdf4999a5890"
        }
      },
      "targets": [
        {
          "Library": {
            "crate_name": "time",
            "crate_root": "src/lib.rs",
            "srcs": [
              "**/*.rs"
            ]
          }
        }
      ],
      "library_target_name": "time",
      "common_attrs": {
        "compile_data_glob": [
          "**"
        ],
        "crate_features": [
          "alloc",
          "default",
          "formatting",
          "local-offset",
          "std"
        ],
        "deps": {
          "common": [
            {
              "id": "itoa 1.0.6",
              "target": "itoa"
            },
            {
              "id": "serde 1.0.156",
              "target": "serde"
            },
            {
              "id": "time-core 0.1.0",
              "target": "time_core"
            }
          ],
          "selects": {
            "cfg(target_family = \"unix\")": [
              {
                "id": "libc 0.2.138",
                "target": "libc"
              },
              {
                "id": "num_threads 0.1.6",
                "target": "num_threads"
              }
            ]
          }
        },
        "edition": "2021",
        "proc_macro_deps": {
          "common": [
            {
              "id": "time-macros 0.2.8",
              "target": "time_macros"
            }
          ],
          "selects": {}
        },
        "version": "0.3.20"
      },
      "license": "MIT OR Apache-2.0"
    },
    "time-core 0.1.0": {
      "name": "time-core",
      "version": "0.1.0",
      "repository": {
        "Http": {
          "url": "https://crates.io/api/v1/crates/time-core/0.1.0/download",
          "sha256": "2e153e1f1acaef8acc537e68b44906d2db6436e2b35ac2c6b42640fff91f00fd"
        }
      },
      "targets": [
        {
          "Library": {
            "crate_name": "time_core",
            "crate_root": "src/lib.rs",
            "srcs": [
              "**/*.rs"
            ]
          }
        }
      ],
      "library_target_name": "time_core",
      "common_attrs": {
        "compile_data_glob": [
          "**"
        ],
        "edition": "2021",
        "version": "0.1.0"
      },
      "license": "MIT OR Apache-2.0"
    },
    "time-macros 0.2.8": {
      "name": "time-macros",
      "version": "0.2.8",
      "repository": {
        "Http": {
          "url": "https://crates.io/api/v1/crates/time-macros/0.2.8/download",
          "sha256": "fd80a657e71da814b8e5d60d3374fc6d35045062245d80224748ae522dd76f36"
        }
      },
      "targets": [
        {
          "ProcMacro": {
            "crate_name": "time_macros",
            "crate_root": "src/lib.rs",
            "srcs": [
              "**/*.rs"
            ]
          }
        }
      ],
      "library_target_name": "time_macros",
      "common_attrs": {
        "compile_data_glob": [
          "**"
        ],
        "crate_features": [
          "formatting"
        ],
        "deps": {
          "common": [
            {
              "id": "time-core 0.1.0",
              "target": "time_core"
            }
          ],
          "selects": {}
        },
        "edition": "2021",
        "version": "0.2.8"
      },
      "license": "MIT OR Apache-2.0"
    },
    "version_check 0.9.4": {
      "name": "version_check",
      "version": "0.9.4",
      "repository": {
        "Http": {
          "url": "https://crates.io/api/v1/crates/version_check/0.9.4/download",
          "sha256": "49874b5167b65d7193b8aba1567f5c7d93d001cafc34600cee003eda787e483f"
        }
      },
      "targets": [
        {
          "Library": {
            "crate_name": "version_check",
            "crate_root": "src/lib.rs",
            "srcs": [
              "**/*.rs"
            ]
          }
        }
      ],
      "library_target_name": "version_check",
      "common_attrs": {
        "compile_data_glob": [
          "**"
        ],
        "edition": "2015",
        "version": "0.9.4"
      },
      "license": "MIT/Apache-2.0"
    },
    "winapi 0.3.9": {
      "name": "winapi",
      "version": "0.3.9",
      "repository": {
        "Http": {
          "url": "https://crates.io/api/v1/crates/winapi/0.3.9/download",
          "sha256": "5c839a674fcd7a98952e593242ea400abe93992746761e38641405d28b00f419"
        }
      },
      "targets": [
        {
          "Library": {
            "crate_name": "winapi",
            "crate_root": "src/lib.rs",
            "srcs": [
              "**/*.rs"
            ]
          }
        },
        {
          "BuildScript": {
            "crate_name": "build_script_build",
            "crate_root": "build.rs",
            "srcs": [
              "**/*.rs"
            ]
          }
        }
      ],
      "library_target_name": "winapi",
      "common_attrs": {
        "compile_data_glob": [
          "**"
        ],
        "crate_features": [
          "sysinfoapi"
        ],
        "deps": {
          "common": [
            {
              "id": "winapi 0.3.9",
              "target": "build_script_build"
            }
          ],
          "selects": {
            "i686-pc-windows-gnu": [
              {
                "id": "winapi-i686-pc-windows-gnu 0.4.0",
                "target": "winapi_i686_pc_windows_gnu"
              }
            ],
            "x86_64-pc-windows-gnu": [
              {
                "id": "winapi-x86_64-pc-windows-gnu 0.4.0",
                "target": "winapi_x86_64_pc_windows_gnu"
              }
            ]
          }
        },
        "edition": "2015",
        "version": "0.3.9"
      },
      "build_script_attrs": {
        "data_glob": [
          "**"
        ]
      },
      "license": "MIT/Apache-2.0"
    },
    "winapi-i686-pc-windows-gnu 0.4.0": {
      "name": "winapi-i686-pc-windows-gnu",
      "version": "0.4.0",
      "repository": {
        "Http": {
          "url": "https://crates.io/api/v1/crates/winapi-i686-pc-windows-gnu/0.4.0/download",
          "sha256": "ac3b87c63620426dd9b991e5ce0329eff545bccbbb34f3be09ff6fb6ab51b7b6"
        }
      },
      "targets": [
        {
          "Library": {
            "crate_name": "winapi_i686_pc_windows_gnu",
            "crate_root": "src/lib.rs",
            "srcs": [
              "**/*.rs"
            ]
          }
        },
        {
          "BuildScript": {
            "crate_name": "build_script_build",
            "crate_root": "build.rs",
            "srcs": [
              "**/*.rs"
            ]
          }
        }
      ],
      "library_target_name": "winapi_i686_pc_windows_gnu",
      "common_attrs": {
        "compile_data_glob": [
          "**"
        ],
        "deps": {
          "common": [
            {
              "id": "winapi-i686-pc-windows-gnu 0.4.0",
              "target": "build_script_build"
            }
          ],
          "selects": {}
        },
        "edition": "2015",
        "version": "0.4.0"
      },
      "build_script_attrs": {
        "data_glob": [
          "**"
        ]
      },
      "license": "MIT/Apache-2.0"
    },
    "winapi-x86_64-pc-windows-gnu 0.4.0": {
      "name": "winapi-x86_64-pc-windows-gnu",
      "version": "0.4.0",
      "repository": {
        "Http": {
          "url": "https://crates.io/api/v1/crates/winapi-x86_64-pc-windows-gnu/0.4.0/download",
          "sha256": "712e227841d057c1ee1cd2fb22fa7e5a5461ae8e48fa2ca79ec42cfc1931183f"
        }
      },
      "targets": [
        {
          "Library": {
            "crate_name": "winapi_x86_64_pc_windows_gnu",
            "crate_root": "src/lib.rs",
            "srcs": [
              "**/*.rs"
            ]
          }
        },
        {
          "BuildScript": {
            "crate_name": "build_script_build",
            "crate_root": "build.rs",
            "srcs": [
              "**/*.rs"
            ]
          }
        }
      ],
      "library_target_name": "winapi_x86_64_pc_windows_gnu",
      "common_attrs": {
        "compile_data_glob": [
          "**"
        ],
        "deps": {
          "common": [
            {
              "id": "winapi-x86_64-pc-windows-gnu 0.4.0",
              "target": "build_script_build"
            }
          ],
          "selects": {}
        },
        "edition": "2015",
        "version": "0.4.0"
      },
      "build_script_attrs": {
        "data_glob": [
          "**"
        ]
      },
      "license": "MIT/Apache-2.0"
    }
  },
  "binary_crates": [],
  "workspace_members": {
    "direct-cargo-bazel-deps 0.0.1": ""
  },
  "conditions": {
    "cfg(any(target_os = \"macos\", target_os = \"ios\", target_os = \"freebsd\"))": [
      "aarch64-apple-darwin",
      "aarch64-apple-ios",
      "aarch64-apple-ios-sim",
      "i686-apple-darwin",
      "i686-unknown-freebsd",
      "x86_64-apple-darwin",
      "x86_64-apple-ios",
      "x86_64-unknown-freebsd"
    ],
    "cfg(any(unix, target_os = \"redox\"))": [
      "aarch64-apple-darwin",
      "aarch64-apple-ios",
      "aarch64-apple-ios-sim",
      "aarch64-linux-android",
      "aarch64-unknown-linux-gnu",
      "arm-unknown-linux-gnueabi",
      "armv7-linux-androideabi",
      "armv7-unknown-linux-gnueabi",
      "i686-apple-darwin",
      "i686-linux-android",
      "i686-unknown-freebsd",
      "i686-unknown-linux-gnu",
      "powerpc-unknown-linux-gnu",
      "s390x-unknown-linux-gnu",
      "x86_64-apple-darwin",
      "x86_64-apple-ios",
      "x86_64-linux-android",
      "x86_64-unknown-freebsd",
      "x86_64-unknown-linux-gnu"
    ],
    "cfg(target_family = \"unix\")": [
      "aarch64-apple-darwin",
      "aarch64-apple-ios",
      "aarch64-apple-ios-sim",
      "aarch64-linux-android",
      "aarch64-unknown-linux-gnu",
      "arm-unknown-linux-gnueabi",
      "armv7-linux-androideabi",
      "armv7-unknown-linux-gnueabi",
      "i686-apple-darwin",
      "i686-linux-android",
      "i686-unknown-freebsd",
      "i686-unknown-linux-gnu",
      "powerpc-unknown-linux-gnu",
      "s390x-unknown-linux-gnu",
      "x86_64-apple-darwin",
      "x86_64-apple-ios",
      "x86_64-linux-android",
      "x86_64-unknown-freebsd",
      "x86_64-unknown-linux-gnu"
    ],
    "cfg(target_os = \"windows\")": [
      "aarch64-pc-windows-msvc",
      "i686-pc-windows-msvc",
      "x86_64-pc-windows-msvc"
    ],
    "i686-pc-windows-gnu": [],
    "x86_64-pc-windows-gnu": []
  }
}
