{
  "checksum": "8905a28e798c8078673e2b110b27bf73caf5e5b17c01052a88cac9c417caeb6b",
  "crates": {
    "direct-cargo-bazel-deps 0.0.1": {
      "name": "direct-cargo-bazel-deps",
      "version": "0.0.1",
      "repository": null,
      "targets": [
        {
          "Library": {
            "crate_name": "direct_cargo_bazel_deps",
            "crate_root": ".direct_cargo_bazel_deps.rs",
            "srcs": {
              "include": [
                "**/*.rs"
              ],
              "exclude": []
            }
          }
        }
      ],
      "library_target_name": "direct_cargo_bazel_deps",
      "common_attrs": {
        "compile_data_glob": [
          "**"
        ],
        "deps": {
          "common": [
            {
              "id": "libc 0.2.138",
              "target": "libc"
            }
          ],
          "selects": {}
        },
        "edition": "2018",
        "version": "0.0.1"
      },
      "license": null
    },
    "libc 0.2.138": {
      "name": "libc",
      "version": "0.2.138",
      "repository": {
        "Http": {
          "url": "https://crates.io/api/v1/crates/libc/0.2.138/download",
          "sha256": "db6d7e329c562c5dfab7a46a2afabc8b987ab9a4834c9d1ca04dc54c1546cef8"
        }
      },
      "targets": [
        {
          "Library": {
            "crate_name": "libc",
            "crate_root": "src/lib.rs",
            "srcs": {
              "include": [
                "**/*.rs"
              ],
              "exclude": []
            }
          }
        },
        {
          "BuildScript": {
            "crate_name": "build_script_build",
            "crate_root": "build.rs",
            "srcs": {
              "include": [
                "**/*.rs"
              ],
              "exclude": []
            }
          }
        }
      ],
      "library_target_name": "libc",
      "common_attrs": {
        "compile_data_glob": [
          "**"
        ],
        "crate_features": [
          "default",
          "std"
        ],
        "deps": {
          "common": [
            {
              "id": "libc 0.2.138",
              "target": "build_script_build"
            }
          ],
          "selects": {}
        },
        "edition": "2015",
        "version": "0.2.138"
      },
      "build_script_attrs": {
        "data_glob": [
          "**"
        ]
      },
      "license": "MIT OR Apache-2.0"
    }
  },
  "binary_crates": [],
  "workspace_members": {
    "direct-cargo-bazel-deps 0.0.1": ""
  },
  "conditions": {}
}
