# This file is automatically @generated by Cargo.
# It is not intended for manual editing.
[[package]]
name = "alsa-sys"
version = "0.2.1"
source = "registry+https://github.com/rust-lang/crates.io-index"
checksum = "644d308f5822c2b39fba5a6d850f74c208bf73c61d1d2dfad62505d6960e4977"
dependencies = [
 "libc",
 "pkg-config",
]

[[package]]
name = "assertions"
version = "0.1.0"

[[package]]
name = "audio_streams"
version = "0.1.0"
dependencies = [
 "sync",
 "sys_util",
]

[[package]]
name = "cras-sys"
version = "0.1.0"
dependencies = [
 "audio_streams",
 "data_model",
]

[[package]]
name = "cros_alsa"
version = "0.1.0"
dependencies = [
 "alsa-sys",
 "libc",
 "remain",
 "sys_util",
]

[[package]]
name = "data_model"
version = "0.1.0"
dependencies = [
 "assertions",
]

[[package]]
name = "dtoa"
version = "0.4.5"
source = "registry+https://github.com/rust-lang/crates.io-index"
checksum = "4358a9e11b9a09cf52383b451b49a169e8d797b68aa02301ff586d70d9661ea3"

[[package]]
name = "libc"
version = "0.2.69"
source = "registry+https://github.com/rust-lang/crates.io-index"
checksum = "99e85c08494b21a9054e7fe1374a732aeadaff3980b6990b94bfd3a70f690005"

[[package]]
name = "libcras"
version = "0.1.0"
dependencies = [
 "audio_streams",
 "cras-sys",
 "data_model",
 "libc",
 "sys_util",
]

[[package]]
name = "linked-hash-map"
version = "0.5.2"
source = "registry+https://github.com/rust-lang/crates.io-index"
checksum = "ae91b68aebc4ddb91978b11a1b02ddd8602a05ec19002801c5666000e05e0f83"

[[package]]
name = "max98390d"
version = "0.1.0"
dependencies = [
 "audio_streams",
 "cros_alsa",
 "libcras",
 "remain",
 "serde",
 "serde_yaml",
 "sound_card_util",
 "sys_util",
]

[[package]]
name = "pkg-config"
version = "0.3.17"
source = "registry+https://github.com/rust-lang/crates.io-index"
checksum = "05da548ad6865900e60eaba7f589cc0783590a92e940c26953ff81ddbab2d677"

[[package]]
name = "poll_token_derive"
version = "0.1.0"
dependencies = [
 "proc-macro2",
 "quote",
 "syn",
]

[[package]]
name = "proc-macro2"
version = "1.0.10"
source = "registry+https://github.com/rust-lang/crates.io-index"
checksum = "df246d292ff63439fea9bc8c0a270bed0e390d5ebd4db4ba15aba81111b5abe3"
dependencies = [
 "unicode-xid",
]

[[package]]
name = "quote"
version = "1.0.3"
source = "registry+https://github.com/rust-lang/crates.io-index"
checksum = "2bdc6c187c65bca4260c9011c9e3132efe4909da44726bad24cf7572ae338d7f"
dependencies = [
 "proc-macro2",
]

[[package]]
name = "remain"
version = "0.2.1"
source = "registry+https://github.com/rust-lang/crates.io-index"
checksum = "99c861227fc40c8da6fdaa3d58144ac84c0537080a43eb1d7d45c28f88dcb888"
dependencies = [
 "proc-macro2",
 "quote",
 "syn",
]

[[package]]
name = "serde"
version = "1.0.106"
source = "registry+https://github.com/rust-lang/crates.io-index"
checksum = "36df6ac6412072f67cf767ebbde4133a5b2e88e76dc6187fa7104cd16f783399"
dependencies = [
 "serde_derive",
]

[[package]]
name = "serde_derive"
version = "1.0.106"
source = "registry+https://github.com/rust-lang/crates.io-index"
checksum = "9e549e3abf4fb8621bd1609f11dfc9f5e50320802273b12f3811a67e6716ea6c"
dependencies = [
 "proc-macro2",
 "quote",
 "syn",
]

[[package]]
name = "serde_yaml"
version = "0.8.11"
source = "registry+https://github.com/rust-lang/crates.io-index"
checksum = "691b17f19fc1ec9d94ec0b5864859290dff279dbd7b03f017afda54eb36c3c35"
dependencies = [
 "dtoa",
 "linked-hash-map",
 "serde",
 "yaml-rust",
]

[[package]]
name = "sound_card_util"
version = "0.1.0"
dependencies = [
 "cros_alsa",
 "remain",
 "sys_util",
]

[[package]]
name = "syn"
version = "1.0.17"
source = "registry+https://github.com/rust-lang/crates.io-index"
checksum = "0df0eb663f387145cab623dea85b09c2c5b4b0aef44e945d928e682fce71bb03"
dependencies = [
 "proc-macro2",
 "quote",
 "unicode-xid",
]

[[package]]
name = "sync"
version = "0.1.0"

[[package]]
name = "sys_util"
version = "0.1.0"
dependencies = [
 "data_model",
 "libc",
 "poll_token_derive",
 "sync",
 "syscall_defines",
 "tempfile",
]

[[package]]
name = "syscall_defines"
version = "0.1.0"

[[package]]
name = "tempfile"
version = "3.0.7"
dependencies = [
 "libc",
]

[[package]]
name = "unicode-xid"
version = "0.2.0"
source = "registry+https://github.com/rust-lang/crates.io-index"
checksum = "826e7639553986605ec5979c7dd957c7895e93eabed50ab2ffa7f6128a75097c"

[[package]]
name = "yaml-rust"
version = "0.4.3"
source = "registry+https://github.com/rust-lang/crates.io-index"
checksum = "65923dd1784f44da1d2c3dbbc5e822045628c590ba72123e1c73d3c230c4434d"
dependencies = [
 "linked-hash-map",
]
