# This file is automatically @generated by Cargo.
# It is not intended for manual editing.
[[package]]
name = "alsa-sys"
version = "0.2.1"
source = "registry+https://github.com/rust-lang/crates.io-index"
checksum = "644d308f5822c2b39fba5a6d850f74c208bf73c61d1d2dfad62505d6960e4977"
dependencies = [
 "libc",
 "pkg-config",
]

[[package]]
name = "amp"
version = "0.1.0"
dependencies = [
 "cros_alsa",
 "dsm",
 "libcras",
 "remain",
 "serde",
 "serde_yaml",
 "sof_sys",
 "sys_util",
]

[[package]]
name = "android_log-sys"
version = "0.2.0"
source = "registry+https://github.com/rust-lang/crates.io-index"
checksum = "85965b6739a430150bdd138e2374a98af0c3ee0d030b3bb7fc3bddff58d0102e"

[[package]]
name = "assertions"
version = "0.1.0"

[[package]]
name = "audio_streams"
version = "0.1.0"
dependencies = [
 "sync",
 "sys_util",
]

[[package]]
name = "cras-sys"
version = "0.1.0"
dependencies = [
 "audio_streams",
 "data_model",
]

[[package]]
name = "cros_alsa"
version = "0.1.0"
dependencies = [
 "alsa-sys",
 "cros_alsa_derive",
 "libc",
 "remain",
]

[[package]]
name = "cros_alsa_derive"
version = "0.1.0"
dependencies = [
 "proc-macro2",
 "quote",
 "syn",
]

[[package]]
name = "data_model"
version = "0.1.0"
dependencies = [
 "assertions",
 "libc",
]

[[package]]
name = "dsm"
version = "0.1.0"
dependencies = [
 "audio_streams",
 "cros_alsa",
 "libcras",
 "remain",
 "serde",
 "serde_yaml",
 "sys_util",
]

[[package]]
name = "dtoa"
version = "0.4.7"
source = "registry+https://github.com/rust-lang/crates.io-index"
checksum = "88d7ed2934d741c6b37e33e3832298e8850b53fd2d2bea03873375596c7cea4e"

[[package]]
name = "libc"
version = "0.2.84"
source = "registry+https://github.com/rust-lang/crates.io-index"
checksum = "1cca32fa0182e8c0989459524dc356b8f2b5c10f1b9eb521b7d182c03cf8c5ff"

[[package]]
name = "libcras"
version = "0.1.0"
dependencies = [
 "audio_streams",
 "cras-sys",
 "data_model",
 "libc",
 "sys_util",
]

[[package]]
name = "linked-hash-map"
version = "0.5.4"
source = "registry+https://github.com/rust-lang/crates.io-index"
checksum = "7fb9b38af92608140b86b693604b9ffcc5824240a484d1ecd4795bacb2fe88f3"

[[package]]
name = "pkg-config"
version = "0.3.19"
source = "registry+https://github.com/rust-lang/crates.io-index"
checksum = "3831453b3449ceb48b6d9c7ad7c96d5ea673e9b470a1dc578c2ce6521230884c"

[[package]]
name = "poll_token_derive"
version = "0.1.0"
dependencies = [
 "proc-macro2",
 "quote",
 "syn",
]

[[package]]
name = "proc-macro2"
version = "1.0.24"
source = "registry+https://github.com/rust-lang/crates.io-index"
checksum = "1e0704ee1a7e00d7bb417d0770ea303c1bccbabf0ef1667dae92b5967f5f8a71"
dependencies = [
 "unicode-xid",
]

[[package]]
name = "quote"
version = "1.0.8"
source = "registry+https://github.com/rust-lang/crates.io-index"
checksum = "991431c3519a3f36861882da93630ce66b52918dcf1b8e2fd66b397fc96f28df"
dependencies = [
 "proc-macro2",
]

[[package]]
name = "remain"
version = "0.2.2"
source = "registry+https://github.com/rust-lang/crates.io-index"
checksum = "70ba1e78fa68412cb93ef642fd4d20b9a941be49ee9333875ebaf13112673ea7"
dependencies = [
 "proc-macro2",
 "quote",
 "syn",
]

[[package]]
name = "serde"
version = "1.0.123"
source = "registry+https://github.com/rust-lang/crates.io-index"
checksum = "92d5161132722baa40d802cc70b15262b98258453e85e5d1d365c757c73869ae"
dependencies = [
 "serde_derive",
]

[[package]]
name = "serde_derive"
version = "1.0.123"
source = "registry+https://github.com/rust-lang/crates.io-index"
checksum = "9391c295d64fc0abb2c556bad848f33cb8296276b1ad2677d1ae1ace4f258f31"
dependencies = [
 "proc-macro2",
 "quote",
 "syn",
]

[[package]]
name = "serde_yaml"
version = "0.8.15"
source = "registry+https://github.com/rust-lang/crates.io-index"
checksum = "971be8f6e4d4a47163b405a3df70d14359186f9ab0f3a3ec37df144ca1ce089f"
dependencies = [
 "dtoa",
 "linked-hash-map",
 "serde",
 "yaml-rust",
]

[[package]]
name = "sof_sys"
version = "0.1.0"

[[package]]
name = "syn"
version = "1.0.60"
source = "registry+https://github.com/rust-lang/crates.io-index"
checksum = "c700597eca8a5a762beb35753ef6b94df201c81cca676604f547495a0d7f0081"
dependencies = [
 "proc-macro2",
 "quote",
 "unicode-xid",
]

[[package]]
name = "sync"
version = "0.1.0"

[[package]]
name = "sys_util"
version = "0.1.0"
dependencies = [
 "android_log-sys",
 "data_model",
 "libc",
 "poll_token_derive",
 "sync",
 "syscall_defines",
 "tempfile",
]

[[package]]
name = "syscall_defines"
version = "0.1.0"

[[package]]
name = "tempfile"
version = "3.0.7"
dependencies = [
 "libc",
]

[[package]]
name = "unicode-xid"
version = "0.2.1"
source = "registry+https://github.com/rust-lang/crates.io-index"
checksum = "f7fe0bb3479651439c9112f72b6c505038574c9fbb575ed1bf3b797fa39dd564"

[[package]]
name = "yaml-rust"
version = "0.4.5"
source = "registry+https://github.com/rust-lang/crates.io-index"
checksum = "56c1936c4cc7a1c9ab21a1ebb602eb942ba868cbd44a99cb7cdc5892335e1c85"
dependencies = [
 "linked-hash-map",
]
