# This file is automatically @generated by Cargo.
# It is not intended for manual editing.
[[package]]
name = "assertions"
version = "0.1.0"

[[package]]
name = "data_model"
version = "0.1.0"
dependencies = [
 "assertions 0.1.0",
 "libc 0.2.66 (registry+https://github.com/rust-lang/crates.io-index)",
]

[[package]]
name = "getopts"
version = "0.2.21"
source = "registry+https://github.com/rust-lang/crates.io-index"
dependencies = [
 "unicode-width 0.1.7 (registry+https://github.com/rust-lang/crates.io-index)",
]

[[package]]
name = "libc"
version = "0.2.66"
source = "registry+https://github.com/rust-lang/crates.io-index"

[[package]]
name = "poll_token_derive"
version = "0.1.0"
dependencies = [
 "proc-macro2 1.0.9 (registry+https://github.com/rust-lang/crates.io-index)",
 "quote 1.0.3 (registry+https://github.com/rust-lang/crates.io-index)",
 "syn 1.0.16 (registry+https://github.com/rust-lang/crates.io-index)",
]

[[package]]
name = "proc-macro2"
version = "1.0.9"
source = "registry+https://github.com/rust-lang/crates.io-index"
dependencies = [
 "unicode-xid 0.2.0 (registry+https://github.com/rust-lang/crates.io-index)",
]

[[package]]
name = "quote"
version = "1.0.3"
source = "registry+https://github.com/rust-lang/crates.io-index"
dependencies = [
 "proc-macro2 1.0.9 (registry+https://github.com/rust-lang/crates.io-index)",
]

[[package]]
name = "remain"
version = "0.2.1"
source = "registry+https://github.com/rust-lang/crates.io-index"
dependencies = [
 "proc-macro2 1.0.9 (registry+https://github.com/rust-lang/crates.io-index)",
 "quote 1.0.3 (registry+https://github.com/rust-lang/crates.io-index)",
 "syn 1.0.16 (registry+https://github.com/rust-lang/crates.io-index)",
]

[[package]]
name = "sound_card_init"
version = "0.1.0"
dependencies = [
 "getopts 0.2.21 (registry+https://github.com/rust-lang/crates.io-index)",
 "remain 0.2.1 (registry+https://github.com/rust-lang/crates.io-index)",
 "sys_util 0.1.0",
]

[[package]]
name = "syn"
version = "1.0.16"
source = "registry+https://github.com/rust-lang/crates.io-index"
dependencies = [
 "proc-macro2 1.0.9 (registry+https://github.com/rust-lang/crates.io-index)",
 "quote 1.0.3 (registry+https://github.com/rust-lang/crates.io-index)",
 "unicode-xid 0.2.0 (registry+https://github.com/rust-lang/crates.io-index)",
]

[[package]]
name = "sync"
version = "0.1.0"

[[package]]
name = "sys_util"
version = "0.1.0"
dependencies = [
 "data_model 0.1.0",
 "libc 0.2.66 (registry+https://github.com/rust-lang/crates.io-index)",
 "poll_token_derive 0.1.0",
 "sync 0.1.0",
 "syscall_defines 0.1.0",
 "tempfile 3.0.7",
]

[[package]]
name = "syscall_defines"
version = "0.1.0"

[[package]]
name = "tempfile"
version = "3.0.7"
dependencies = [
 "libc 0.2.66 (registry+https://github.com/rust-lang/crates.io-index)",
]

[[package]]
name = "unicode-width"
version = "0.1.7"
source = "registry+https://github.com/rust-lang/crates.io-index"

[[package]]
name = "unicode-xid"
version = "0.2.0"
source = "registry+https://github.com/rust-lang/crates.io-index"

[metadata]
"checksum getopts 0.2.21 (registry+https://github.com/rust-lang/crates.io-index)" = "14dbbfd5c71d70241ecf9e6f13737f7b5ce823821063188d7e46c41d371eebd5"
"checksum libc 0.2.66 (registry+https://github.com/rust-lang/crates.io-index)" = "d515b1f41455adea1313a4a2ac8a8a477634fbae63cc6100e3aebb207ce61558"
"checksum proc-macro2 1.0.9 (registry+https://github.com/rust-lang/crates.io-index)" = "6c09721c6781493a2a492a96b5a5bf19b65917fe6728884e7c44dd0c60ca3435"
"checksum quote 1.0.3 (registry+https://github.com/rust-lang/crates.io-index)" = "2bdc6c187c65bca4260c9011c9e3132efe4909da44726bad24cf7572ae338d7f"
"checksum remain 0.2.1 (registry+https://github.com/rust-lang/crates.io-index)" = "99c861227fc40c8da6fdaa3d58144ac84c0537080a43eb1d7d45c28f88dcb888"
"checksum syn 1.0.16 (registry+https://github.com/rust-lang/crates.io-index)" = "123bd9499cfb380418d509322d7a6d52e5315f064fe4b3ad18a53d6b92c07859"
"checksum unicode-width 0.1.7 (registry+https://github.com/rust-lang/crates.io-index)" = "caaa9d531767d1ff2150b9332433f32a24622147e5ebb1f26409d5da67afd479"
"checksum unicode-xid 0.2.0 (registry+https://github.com/rust-lang/crates.io-index)" = "826e7639553986605ec5979c7dd957c7895e93eabed50ab2ffa7f6128a75097c"
