# This file is automatically @generated by Cargo.
# It is not intended for manual editing.
[[package]]
name = "alsa-sys"
version = "0.2.1"
source = "registry+https://github.com/rust-lang/crates.io-index"
checksum = "644d308f5822c2b39fba5a6d850f74c208bf73c61d1d2dfad62505d6960e4977"
dependencies = [
 "libc",
 "pkg-config",
]

[[package]]
name = "assertions"
version = "0.1.0"

[[package]]
name = "audio_streams"
version = "0.1.0"
dependencies = [
 "sync",
 "sys_util",
]

[[package]]
name = "cras-sys"
version = "0.1.0"
dependencies = [
 "audio_streams",
 "data_model",
]

[[package]]
name = "cros_alsa"
version = "0.1.0"
dependencies = [
 "alsa-sys",
 "cros_alsa_derive",
 "libc",
 "remain",
]

[[package]]
name = "cros_alsa_derive"
version = "0.1.0"
dependencies = [
 "proc-macro2",
 "quote",
 "syn",
]

[[package]]
name = "data_model"
version = "0.1.0"
dependencies = [
 "assertions",
 "libc",
]

[[package]]
name = "dtoa"
version = "0.4.5"
source = "registry+https://github.com/rust-lang/crates.io-index"
checksum = "4358a9e11b9a09cf52383b451b49a169e8d797b68aa02301ff586d70d9661ea3"

[[package]]
name = "getopts"
version = "0.2.21"
source = "registry+https://github.com/rust-lang/crates.io-index"
checksum = "14dbbfd5c71d70241ecf9e6f13737f7b5ce823821063188d7e46c41d371eebd5"
dependencies = [
 "unicode-width",
]

[[package]]
name = "libc"
version = "0.2.71"
source = "registry+https://github.com/rust-lang/crates.io-index"
checksum = "9457b06509d27052635f90d6466700c65095fdf75409b3fbdd903e988b886f49"

[[package]]
name = "libcras"
version = "0.1.0"
dependencies = [
 "audio_streams",
 "cras-sys",
 "data_model",
 "libc",
 "sys_util",
]

[[package]]
name = "linked-hash-map"
version = "0.5.3"
source = "registry+https://github.com/rust-lang/crates.io-index"
checksum = "8dd5a6d5999d9907cda8ed67bbd137d3af8085216c2ac62de5be860bd41f304a"

[[package]]
name = "max98390d"
version = "0.1.0"
dependencies = [
 "audio_streams",
 "cros_alsa",
 "libcras",
 "remain",
 "serde",
 "serde_yaml",
 "sys_util",
 "utils",
]

[[package]]
name = "pkg-config"
version = "0.3.17"
source = "registry+https://github.com/rust-lang/crates.io-index"
checksum = "05da548ad6865900e60eaba7f589cc0783590a92e940c26953ff81ddbab2d677"

[[package]]
name = "poll_token_derive"
version = "0.1.0"
dependencies = [
 "proc-macro2",
 "quote",
 "syn",
]

[[package]]
name = "proc-macro2"
version = "1.0.18"
source = "registry+https://github.com/rust-lang/crates.io-index"
checksum = "beae6331a816b1f65d04c45b078fd8e6c93e8071771f41b8163255bbd8d7c8fa"
dependencies = [
 "unicode-xid",
]

[[package]]
name = "quote"
version = "1.0.6"
source = "registry+https://github.com/rust-lang/crates.io-index"
checksum = "54a21852a652ad6f610c9510194f398ff6f8692e334fd1145fed931f7fbe44ea"
dependencies = [
 "proc-macro2",
]

[[package]]
name = "remain"
version = "0.2.1"
source = "registry+https://github.com/rust-lang/crates.io-index"
checksum = "99c861227fc40c8da6fdaa3d58144ac84c0537080a43eb1d7d45c28f88dcb888"
dependencies = [
 "proc-macro2",
 "quote",
 "syn",
]

[[package]]
name = "serde"
version = "1.0.111"
source = "registry+https://github.com/rust-lang/crates.io-index"
checksum = "c9124df5b40cbd380080b2cc6ab894c040a3070d995f5c9dc77e18c34a8ae37d"
dependencies = [
 "serde_derive",
]

[[package]]
name = "serde_derive"
version = "1.0.111"
source = "registry+https://github.com/rust-lang/crates.io-index"
checksum = "3f2c3ac8e6ca1e9c80b8be1023940162bf81ae3cffbb1809474152f2ce1eb250"
dependencies = [
 "proc-macro2",
 "quote",
 "syn",
]

[[package]]
name = "serde_yaml"
version = "0.8.12"
source = "registry+https://github.com/rust-lang/crates.io-index"
checksum = "16c7a592a1ec97c9c1c68d75b6e537dcbf60c7618e038e7841e00af1d9ccf0c4"
dependencies = [
 "dtoa",
 "linked-hash-map",
 "serde",
 "yaml-rust",
]

[[package]]
name = "sound_card_init"
version = "0.1.0"
dependencies = [
 "audio_streams",
 "cros_alsa",
 "getopts",
 "libcras",
 "max98390d",
 "remain",
 "serde",
 "serde_yaml",
 "sys_util",
 "utils",
]

[[package]]
name = "syn"
version = "1.0.30"
source = "registry+https://github.com/rust-lang/crates.io-index"
checksum = "93a56fabc59dce20fe48b6c832cc249c713e7ed88fa28b0ee0a3bfcaae5fe4e2"
dependencies = [
 "proc-macro2",
 "quote",
 "unicode-xid",
]

[[package]]
name = "sync"
version = "0.1.0"

[[package]]
name = "sys_util"
version = "0.1.0"
dependencies = [
 "data_model",
 "libc",
 "poll_token_derive",
 "sync",
 "syscall_defines",
 "tempfile",
]

[[package]]
name = "syscall_defines"
version = "0.1.0"

[[package]]
name = "tempfile"
version = "3.0.7"
dependencies = [
 "libc",
]

[[package]]
name = "unicode-width"
version = "0.1.7"
source = "registry+https://github.com/rust-lang/crates.io-index"
checksum = "caaa9d531767d1ff2150b9332433f32a24622147e5ebb1f26409d5da67afd479"

[[package]]
name = "unicode-xid"
version = "0.2.0"
source = "registry+https://github.com/rust-lang/crates.io-index"
checksum = "826e7639553986605ec5979c7dd957c7895e93eabed50ab2ffa7f6128a75097c"

[[package]]
name = "utils"
version = "0.1.0"
dependencies = [
 "remain",
 "serde",
 "serde_yaml",
]

[[package]]
name = "yaml-rust"
version = "0.4.4"
source = "registry+https://github.com/rust-lang/crates.io-index"
checksum = "39f0c922f1a334134dc2f7a8b67dc5d25f0735263feec974345ff706bcf20b0d"
dependencies = [
 "linked-hash-map",
]
